
Microsoft Visual Studio Solution File, Format Version 12.00
# Visual Studio Version 17
VisualStudioVersion = 17.6.33717.318
MinimumVisualStudioVersion = 10.0.40219.1
Project("{8BC9CEB8-8B4A-11D0-8D11-00A0C91BC942}") = "sadna 4.1", "sadna 4.1\sadna 4.1.vcxproj", "{A0E85603-671E-40A9-B8A6-A1CB8C56ACEC}"
EndProject
Global
	GlobalSection(SolutionConfigurationPlatforms) = preSolution
		Debug|x64 = Debug|x64
		Debug|x86 = Debug|x86
		Release|x64 = Release|x64
		Release|x86 = Release|x86
	EndGlobalSection
	GlobalSection(ProjectConfigurationPlatforms) = postSolution
		{A0E85603-671E-40A9-B8A6-A1CB8C56ACEC}.Debug|x64.ActiveCfg = Debug|x64
		{A0E85603-671E-40A9-B8A6-A1CB8C56ACEC}.Debug|x64.Build.0 = Debug|x64
		{A0E85603-671E-40A9-B8A6-A1CB8C56ACEC}.Debug|x86.ActiveCfg = Debug|Win32
		{A0E85603-671E-40A9-B8A6-A1CB8C56ACEC}.Debug|x86.Build.0 = Debug|Win32
		{A0E85603-671E-40A9-B8A6-A1CB8C56ACEC}.Release|x64.ActiveCfg = Release|x64
		{A0E85603-671E-40A9-B8A6-A1CB8C56ACEC}.Release|x64.Build.0 = Release|x64
		{A0E85603-671E-40A9-B8A6-A1CB8C56ACEC}.Release|x86.ActiveCfg = Release|Win32
		{A0E85603-671E-40A9-B8A6-A1CB8C56ACEC}.Release|x86.Build.0 = Release|Win32
	EndGlobalSection
	GlobalSection(SolutionProperties) = preSolution
		HideSolutionNode = FALSE
	EndGlobalSection
	GlobalSection(ExtensibilityGlobals) = postSolution
		SolutionGuid = {E92E1117-2125-4918-8747-915B5E28747B}
	EndGlobalSection
EndGlobal
